Microsoft Visual Studio Solution File, Format Version 12.00
# Visual Studio Version 17
VisualStudioVersion = 17.5.2.0
MinimumVisualStudioVersion = 10.0.40219.1
Project("{2150E333-8FDC-42A3-9474-1A3956D46DE8}") = "revit_addin", "revit_addin", "{43E45213-C8ED-51BF-B1BB-A50B9D53DA44}"
EndProject
Project("{FAE04EC0-301F-11D3-BF4B-00C04F79EFBC}") = "RevitElecMcp", "revit_addin\RevitElecMcp\RevitElecMcp.csproj", "{BE6F129C-0DE7-7CE3-3D8D-C7C53629E2C1}"
EndProject
Global
	GlobalSection(SolutionConfigurationPlatforms) = preSolution
		Debug|Any CPU = Debug|Any CPU
		Release|Any CPU = Release|Any CPU
	EndGlobalSection
	GlobalSection(ProjectConfigurationPlatforms) = postSolution
		{BE6F129C-0DE7-7CE3-3D8D-C7C53629E2C1}.Debug|Any CPU.ActiveCfg = Debug|Any CPU
		{BE6F129C-0DE7-7CE3-3D8D-C7C53629E2C1}.Debug|Any CPU.Build.0 = Debug|Any CPU
		{BE6F129C-0DE7-7CE3-3D8D-C7C53629E2C1}.Release|Any CPU.ActiveCfg = Release|Any CPU
		{BE6F129C-0DE7-7CE3-3D8D-C7C53629E2C1}.Release|Any CPU.Build.0 = Release|Any CPU
	EndGlobalSection
	GlobalSection(SolutionProperties) = preSolution
		HideSolutionNode = FALSE
	EndGlobalSection
	GlobalSection(NestedProjects) = preSolution
		{BE6F129C-0DE7-7CE3-3D8D-C7C53629E2C1} = {43E45213-C8ED-51BF-B1BB-A50B9D53DA44}
	EndGlobalSection
	GlobalSection(ExtensibilityGlobals) = postSolution
		SolutionGuid = {CA5A42FF-88A1-40DC-A5F9-BB6FB4B58DE5}
	EndGlobalSection
EndGlobal
